
Microsoft Visual Studio Solution File, Format Version 12.00
# Visual Studio 15
VisualStudioVersion = 15.0.28307.1433
MinimumVisualStudioVersion = 10.0.40219.1
Project("{9A19103F-16F7-4668-BE54-9A1E7A4F7556}") = "BfiBaseTemplate.Web", "BfiBaseTemplate.Web\BfiBaseTemplate.Web.csproj", "{5E97F32A-57E6-4603-BF5E-ABBB444B8AD8}"
EndProject
Project("{9A19103F-16F7-4668-BE54-9A1E7A4F7556}") = "BfiBaseTemplate.Service", "BfiBaseTemplate.Service\BfiBaseTemplate.Service.csproj", "{F4FD38AB-C9C3-423E-BBA1-6A0730DA3EB3}"
EndProject
Project("{9A19103F-16F7-4668-BE54-9A1E7A4F7556}") = "BfiBaseTemplate.Repo", "BfiBaseTemplate.Repo\BfiBaseTemplate.Repo.csproj", "{CC1AD4F1-0500-4EA1-97AA-C69A20D19164}"
EndProject
Global
	GlobalSection(SolutionConfigurationPlatforms) = preSolution
		Debug|Any CPU = Debug|Any CPU
		Release|Any CPU = Release|Any CPU
	EndGlobalSection
	GlobalSection(ProjectConfigurationPlatforms) = postSolution
		{5E97F32A-57E6-4603-BF5E-ABBB444B8AD8}.Debug|Any CPU.ActiveCfg = Debug|Any CPU
		{5E97F32A-57E6-4603-BF5E-ABBB444B8AD8}.Debug|Any CPU.Build.0 = Debug|Any CPU
		{5E97F32A-57E6-4603-BF5E-ABBB444B8AD8}.Release|Any CPU.ActiveCfg = Release|Any CPU
		{5E97F32A-57E6-4603-BF5E-ABBB444B8AD8}.Release|Any CPU.Build.0 = Release|Any CPU
		{F4FD38AB-C9C3-423E-BBA1-6A0730DA3EB3}.Debug|Any CPU.ActiveCfg = Debug|Any CPU
		{F4FD38AB-C9C3-423E-BBA1-6A0730DA3EB3}.Debug|Any CPU.Build.0 = Debug|Any CPU
		{F4FD38AB-C9C3-423E-BBA1-6A0730DA3EB3}.Release|Any CPU.ActiveCfg = Release|Any CPU
		{F4FD38AB-C9C3-423E-BBA1-6A0730DA3EB3}.Release|Any CPU.Build.0 = Release|Any CPU
		{CC1AD4F1-0500-4EA1-97AA-C69A20D19164}.Debug|Any CPU.ActiveCfg = Debug|Any CPU
		{CC1AD4F1-0500-4EA1-97AA-C69A20D19164}.Debug|Any CPU.Build.0 = Debug|Any CPU
		{CC1AD4F1-0500-4EA1-97AA-C69A20D19164}.Release|Any CPU.ActiveCfg = Release|Any CPU
		{CC1AD4F1-0500-4EA1-97AA-C69A20D19164}.Release|Any CPU.Build.0 = Release|Any CPU
	EndGlobalSection
	GlobalSection(SolutionProperties) = preSolution
		HideSolutionNode = FALSE
	EndGlobalSection
	GlobalSection(ExtensibilityGlobals) = postSolution
		SolutionGuid = {FF6854E3-DF30-4C3E-BD82-2632DEEEA1B0}
	EndGlobalSection
EndGlobal
